
Microsoft Visual Studio Solution File, Format Version 12.00
# Visual Studio Version 16
VisualStudioVersion = 16.0.30717.126
MinimumVisualStudioVersion = 10.0.40219.1
Project("{FAE04EC0-301F-11D3-BF4B-00C04F79EFBC}") = "Neko.USL", "WpfAppReader\Neko.USL.csproj", "{083446D3-D799-4738-9852-480FAC04A7B0}"
	ProjectSection(ProjectDependencies) = postProject
		{AFD5D721-1831-47FF-B882-46E55C900387} = {AFD5D721-1831-47FF-B882-46E55C900387}
	EndProjectSection
EndProject
Project("{FAE04EC0-301F-11D3-BF4B-00C04F79EFBC}") = "Neko.Database", "Neko.Database\Neko.Database.csproj", "{37500212-3CFF-46DC-8910-075CE5D6FBFC}"
	ProjectSection(ProjectDependencies) = postProject
		{0AE8A5E0-8F41-435B-B660-BD2FB82B7AF9} = {0AE8A5E0-8F41-435B-B660-BD2FB82B7AF9}
	EndProjectSection
EndProject
Project("{FAE04EC0-301F-11D3-BF4B-00C04F79EFBC}") = "Neko.ConfigManager", "Neko.ConfigManager\Neko.ConfigManager.csproj", "{0AE8A5E0-8F41-435B-B660-BD2FB82B7AF9}"
EndProject
Project("{FAE04EC0-301F-11D3-BF4B-00C04F79EFBC}") = "Neko.DAL", "Neko.DAL\Neko.DAL.csproj", "{BF2E72E4-6202-4DA0-8BB4-D4F69BE75B14}"
	ProjectSection(ProjectDependencies) = postProject
		{37500212-3CFF-46DC-8910-075CE5D6FBFC} = {37500212-3CFF-46DC-8910-075CE5D6FBFC}
	EndProjectSection
EndProject
Project("{FAE04EC0-301F-11D3-BF4B-00C04F79EFBC}") = "Neko.BLL", "Neko.BLL\Neko.BLL.csproj", "{AFD5D721-1831-47FF-B882-46E55C900387}"
	ProjectSection(ProjectDependencies) = postProject
		{BF2E72E4-6202-4DA0-8BB4-D4F69BE75B14} = {BF2E72E4-6202-4DA0-8BB4-D4F69BE75B14}
	EndProjectSection
EndProject
Global
	GlobalSection(SolutionConfigurationPlatforms) = preSolution
		Debug|Any CPU = Debug|Any CPU
		Release|Any CPU = Release|Any CPU
	EndGlobalSection
	GlobalSection(ProjectConfigurationPlatforms) = postSolution
		{083446D3-D799-4738-9852-480FAC04A7B0}.Debug|Any CPU.ActiveCfg = Debug|Any CPU
		{083446D3-D799-4738-9852-480FAC04A7B0}.Debug|Any CPU.Build.0 = Debug|Any CPU
		{083446D3-D799-4738-9852-480FAC04A7B0}.Release|Any CPU.ActiveCfg = Release|Any CPU
		{083446D3-D799-4738-9852-480FAC04A7B0}.Release|Any CPU.Build.0 = Release|Any CPU
		{37500212-3CFF-46DC-8910-075CE5D6FBFC}.Debug|Any CPU.ActiveCfg = Debug|Any CPU
		{37500212-3CFF-46DC-8910-075CE5D6FBFC}.Debug|Any CPU.Build.0 = Debug|Any CPU
		{37500212-3CFF-46DC-8910-075CE5D6FBFC}.Release|Any CPU.ActiveCfg = Release|Any CPU
		{37500212-3CFF-46DC-8910-075CE5D6FBFC}.Release|Any CPU.Build.0 = Release|Any CPU
		{0AE8A5E0-8F41-435B-B660-BD2FB82B7AF9}.Debug|Any CPU.ActiveCfg = Debug|Any CPU
		{0AE8A5E0-8F41-435B-B660-BD2FB82B7AF9}.Debug|Any CPU.Build.0 = Debug|Any CPU
		{0AE8A5E0-8F41-435B-B660-BD2FB82B7AF9}.Release|Any CPU.ActiveCfg = Release|Any CPU
		{0AE8A5E0-8F41-435B-B660-BD2FB82B7AF9}.Release|Any CPU.Build.0 = Release|Any CPU
		{BF2E72E4-6202-4DA0-8BB4-D4F69BE75B14}.Debug|Any CPU.ActiveCfg = Debug|Any CPU
		{BF2E72E4-6202-4DA0-8BB4-D4F69BE75B14}.Debug|Any CPU.Build.0 = Debug|Any CPU
		{BF2E72E4-6202-4DA0-8BB4-D4F69BE75B14}.Release|Any CPU.ActiveCfg = Release|Any CPU
		{BF2E72E4-6202-4DA0-8BB4-D4F69BE75B14}.Release|Any CPU.Build.0 = Release|Any CPU
		{AFD5D721-1831-47FF-B882-46E55C900387}.Debug|Any CPU.ActiveCfg = Debug|Any CPU
		{AFD5D721-1831-47FF-B882-46E55C900387}.Debug|Any CPU.Build.0 = Debug|Any CPU
		{AFD5D721-1831-47FF-B882-46E55C900387}.Release|Any CPU.ActiveCfg = Release|Any CPU
		{AFD5D721-1831-47FF-B882-46E55C900387}.Release|Any CPU.Build.0 = Release|Any CPU
	EndGlobalSection
	GlobalSection(SolutionProperties) = preSolution
		HideSolutionNode = FALSE
	EndGlobalSection
	GlobalSection(ExtensibilityGlobals) = postSolution
		SolutionGuid = {90EE97B2-CACE-4387-B579-B275AFED71E9}
	EndGlobalSection
EndGlobal
